
Microsoft Visual Studio Solution File, Format Version 12.00
# Visual Studio Version 17
VisualStudioVersion = 17.9.34622.214
MinimumVisualStudioVersion = 10.0.40219.1
Project("{8BC9CEB8-8B4A-11D0-8D11-00A0C91BC942}") = "lesson27cw", "lesson27cw\lesson27cw.vcxproj", "{317B7C2C-232C-41DD-8C82-F546297A6F7E}"
EndProject
Global
	GlobalSection(SolutionConfigurationPlatforms) = preSolution
		Debug|x64 = Debug|x64
		Debug|x86 = Debug|x86
		Release|x64 = Release|x64
		Release|x86 = Release|x86
	EndGlobalSection
	GlobalSection(ProjectConfigurationPlatforms) = postSolution
		{317B7C2C-232C-41DD-8C82-F546297A6F7E}.Debug|x64.ActiveCfg = Debug|x64
		{317B7C2C-232C-41DD-8C82-F546297A6F7E}.Debug|x64.Build.0 = Debug|x64
		{317B7C2C-232C-41DD-8C82-F546297A6F7E}.Debug|x86.ActiveCfg = Debug|Win32
		{317B7C2C-232C-41DD-8C82-F546297A6F7E}.Debug|x86.Build.0 = Debug|Win32
		{317B7C2C-232C-41DD-8C82-F546297A6F7E}.Release|x64.ActiveCfg = Release|x64
		{317B7C2C-232C-41DD-8C82-F546297A6F7E}.Release|x64.Build.0 = Release|x64
		{317B7C2C-232C-41DD-8C82-F546297A6F7E}.Release|x86.ActiveCfg = Release|Win32
		{317B7C2C-232C-41DD-8C82-F546297A6F7E}.Release|x86.Build.0 = Release|Win32
	EndGlobalSection
	GlobalSection(SolutionProperties) = preSolution
		HideSolutionNode = FALSE
	EndGlobalSection
	GlobalSection(ExtensibilityGlobals) = postSolution
		SolutionGuid = {E06B79E1-9B01-49A7-BDF3-96598CA46EF8}
	EndGlobalSection
EndGlobal
